
Microsoft Visual Studio Solution File, Format Version 12.00
# Visual Studio Version 17
VisualStudioVersion = 17.9.34723.18
MinimumVisualStudioVersion = 10.0.40219.1
Project("{9A19103F-16F7-4668-BE54-9A1E7A4F7556}") = "Day4 Assignments", "Day4 Assignments.csproj", "{942D08BF-01E2-49A9-8065-B5CC17AA8609}"
EndProject
Global
	GlobalSection(SolutionConfigurationPlatforms) = preSolution
		Debug|Any CPU = Debug|Any CPU
		Release|Any CPU = Release|Any CPU
	EndGlobalSection
	GlobalSection(ProjectConfigurationPlatforms) = postSolution
		{942D08BF-01E2-49A9-8065-B5CC17AA8609}.Debug|Any CPU.ActiveCfg = Debug|Any CPU
		{942D08BF-01E2-49A9-8065-B5CC17AA8609}.Debug|Any CPU.Build.0 = Debug|Any CPU
		{942D08BF-01E2-49A9-8065-B5CC17AA8609}.Release|Any CPU.ActiveCfg = Release|Any CPU
		{942D08BF-01E2-49A9-8065-B5CC17AA8609}.Release|Any CPU.Build.0 = Release|Any CPU
	EndGlobalSection
	GlobalSection(SolutionProperties) = preSolution
		HideSolutionNode = FALSE
	EndGlobalSection
	GlobalSection(ExtensibilityGlobals) = postSolution
		SolutionGuid = {149DAD8F-ACE1-4F78-A131-D9C4702BFEFF}
	EndGlobalSection
EndGlobal
