
Microsoft Visual Studio Solution File, Format Version 12.00
# Visual Studio Version 17
VisualStudioVersion = 17.9.34723.18
MinimumVisualStudioVersion = 10.0.40219.1
Project("{FAE04EC0-301F-11D3-BF4B-00C04F79EFBC}") = "SampleEFApp", "SampleEFApp\SampleEFApp.csproj", "{4846E14B-B2EC-479D-9394-F0F669FBCAAB}"
EndProject
Global
	GlobalSection(SolutionConfigurationPlatforms) = preSolution
		Debug|Any CPU = Debug|Any CPU
		Release|Any CPU = Release|Any CPU
	EndGlobalSection
	GlobalSection(ProjectConfigurationPlatforms) = postSolution
		{4846E14B-B2EC-479D-9394-F0F669FBCAAB}.Debug|Any CPU.ActiveCfg = Debug|Any CPU
		{4846E14B-B2EC-479D-9394-F0F669FBCAAB}.Debug|Any CPU.Build.0 = Debug|Any CPU
		{4846E14B-B2EC-479D-9394-F0F669FBCAAB}.Release|Any CPU.ActiveCfg = Release|Any CPU
		{4846E14B-B2EC-479D-9394-F0F669FBCAAB}.Release|Any CPU.Build.0 = Release|Any CPU
	EndGlobalSection
	GlobalSection(SolutionProperties) = preSolution
		HideSolutionNode = FALSE
	EndGlobalSection
	GlobalSection(ExtensibilityGlobals) = postSolution
		SolutionGuid = {974E9C8B-7B11-4464-AEA1-60FD99CE7868}
	EndGlobalSection
EndGlobal
