
Microsoft Visual Studio Solution File, Format Version 12.00
# Visual Studio Version 17
VisualStudioVersion = 17.10.34928.147
MinimumVisualStudioVersion = 10.0.40219.1
Project("{FAE04EC0-301F-11D3-BF4B-00C04F79EFBC}") = "SampleApp", "SampleApp\SampleApp.csproj", "{98EAA6A7-B381-4EFE-ADF4-41BB3BA75518}"
EndProject
Global
	GlobalSection(SolutionConfigurationPlatforms) = preSolution
		Debug|Any CPU = Debug|Any CPU
		Release|Any CPU = Release|Any CPU
	EndGlobalSection
	GlobalSection(ProjectConfigurationPlatforms) = postSolution
		{98EAA6A7-B381-4EFE-ADF4-41BB3BA75518}.Debug|Any CPU.ActiveCfg = Debug|Any CPU
		{98EAA6A7-B381-4EFE-ADF4-41BB3BA75518}.Debug|Any CPU.Build.0 = Debug|Any CPU
		{98EAA6A7-B381-4EFE-ADF4-41BB3BA75518}.Release|Any CPU.ActiveCfg = Release|Any CPU
		{98EAA6A7-B381-4EFE-ADF4-41BB3BA75518}.Release|Any CPU.Build.0 = Release|Any CPU
	EndGlobalSection
	GlobalSection(SolutionProperties) = preSolution
		HideSolutionNode = FALSE
	EndGlobalSection
	GlobalSection(ExtensibilityGlobals) = postSolution
		SolutionGuid = {99DAB5EB-3B34-4B6C-9F7A-0A878084B6B8}
	EndGlobalSection
EndGlobal
