
Microsoft Visual Studio Solution File, Format Version 12.00
# Visual Studio Version 17
VisualStudioVersion = 17.9.34723.18
MinimumVisualStudioVersion = 10.0.40219.1
Project("{FAE04EC0-301F-11D3-BF4B-00C04F79EFBC}") = "UnderstandingLINQ", "UnderstandingLINQ\UnderstandingLINQ.csproj", "{75C429F2-80F1-44C8-8315-1C7A526FED29}"
EndProject
Global
	GlobalSection(SolutionConfigurationPlatforms) = preSolution
		Debug|Any CPU = Debug|Any CPU
		Release|Any CPU = Release|Any CPU
	EndGlobalSection
	GlobalSection(ProjectConfigurationPlatforms) = postSolution
		{75C429F2-80F1-44C8-8315-1C7A526FED29}.Debug|Any CPU.ActiveCfg = Debug|Any CPU
		{75C429F2-80F1-44C8-8315-1C7A526FED29}.Debug|Any CPU.Build.0 = Debug|Any CPU
		{75C429F2-80F1-44C8-8315-1C7A526FED29}.Release|Any CPU.ActiveCfg = Release|Any CPU
		{75C429F2-80F1-44C8-8315-1C7A526FED29}.Release|Any CPU.Build.0 = Release|Any CPU
	EndGlobalSection
	GlobalSection(SolutionProperties) = preSolution
		HideSolutionNode = FALSE
	EndGlobalSection
	GlobalSection(ExtensibilityGlobals) = postSolution
		SolutionGuid = {D0244466-60F9-4CAC-B0E3-E1A1435A4C97}
	EndGlobalSection
EndGlobal
