
Microsoft Visual Studio Solution File, Format Version 12.00
# Visual Studio Version 17
VisualStudioVersion = 17.9.34723.18
MinimumVisualStudioVersion = 10.0.40219.1
Project("{9A19103F-16F7-4668-BE54-9A1E7A4F7556}") = "RequestTrack", "RequestTrack\RequestTrack.csproj", "{AA068977-F6AA-4B2E-9E49-136C4DCDBF5F}"
EndProject
Project("{9A19103F-16F7-4668-BE54-9A1E7A4F7556}") = "RequestTrackerLib", "RequestTrackerLib\RequestTrackerLib.csproj", "{2FA5ABE0-A27A-44FB-B4CD-E1B7BFC173B6}"
EndProject
Project("{9A19103F-16F7-4668-BE54-9A1E7A4F7556}") = "RequestTrackerDALib", "RequestTrackerDALib\RequestTrackerDALib.csproj", "{2C010A46-59FE-49C5-BCAE-A0054312F7E3}"
EndProject
Project("{FAE04EC0-301F-11D3-BF4B-00C04F79EFBC}") = "RequestTrackTest", "RequestTrackTest\RequestTrackTest.csproj", "{77BB2120-EAB2-4602-8DD2-8384E840160E}"
EndProject
Project("{FAE04EC0-301F-11D3-BF4B-00C04F79EFBC}") = "RequestTrackerBLLib", "RequestTrackerBLLib\RequestTrackerBLLib.csproj", "{C40D2F25-C6DB-43B9-BA34-2BC73138114F}"
EndProject
Global
	GlobalSection(SolutionConfigurationPlatforms) = preSolution
		Debug|Any CPU = Debug|Any CPU
		Release|Any CPU = Release|Any CPU
	EndGlobalSection
	GlobalSection(ProjectConfigurationPlatforms) = postSolution
		{AA068977-F6AA-4B2E-9E49-136C4DCDBF5F}.Debug|Any CPU.ActiveCfg = Debug|Any CPU
		{AA068977-F6AA-4B2E-9E49-136C4DCDBF5F}.Debug|Any CPU.Build.0 = Debug|Any CPU
		{AA068977-F6AA-4B2E-9E49-136C4DCDBF5F}.Release|Any CPU.ActiveCfg = Release|Any CPU
		{AA068977-F6AA-4B2E-9E49-136C4DCDBF5F}.Release|Any CPU.Build.0 = Release|Any CPU
		{2FA5ABE0-A27A-44FB-B4CD-E1B7BFC173B6}.Debug|Any CPU.ActiveCfg = Debug|Any CPU
		{2FA5ABE0-A27A-44FB-B4CD-E1B7BFC173B6}.Debug|Any CPU.Build.0 = Debug|Any CPU
		{2FA5ABE0-A27A-44FB-B4CD-E1B7BFC173B6}.Release|Any CPU.ActiveCfg = Release|Any CPU
		{2FA5ABE0-A27A-44FB-B4CD-E1B7BFC173B6}.Release|Any CPU.Build.0 = Release|Any CPU
		{2C010A46-59FE-49C5-BCAE-A0054312F7E3}.Debug|Any CPU.ActiveCfg = Debug|Any CPU
		{2C010A46-59FE-49C5-BCAE-A0054312F7E3}.Debug|Any CPU.Build.0 = Debug|Any CPU
		{2C010A46-59FE-49C5-BCAE-A0054312F7E3}.Release|Any CPU.ActiveCfg = Release|Any CPU
		{2C010A46-59FE-49C5-BCAE-A0054312F7E3}.Release|Any CPU.Build.0 = Release|Any CPU
		{77BB2120-EAB2-4602-8DD2-8384E840160E}.Debug|Any CPU.ActiveCfg = Debug|Any CPU
		{77BB2120-EAB2-4602-8DD2-8384E840160E}.Debug|Any CPU.Build.0 = Debug|Any CPU
		{77BB2120-EAB2-4602-8DD2-8384E840160E}.Release|Any CPU.ActiveCfg = Release|Any CPU
		{77BB2120-EAB2-4602-8DD2-8384E840160E}.Release|Any CPU.Build.0 = Release|Any CPU
		{C40D2F25-C6DB-43B9-BA34-2BC73138114F}.Debug|Any CPU.ActiveCfg = Debug|Any CPU
		{C40D2F25-C6DB-43B9-BA34-2BC73138114F}.Debug|Any CPU.Build.0 = Debug|Any CPU
		{C40D2F25-C6DB-43B9-BA34-2BC73138114F}.Release|Any CPU.ActiveCfg = Release|Any CPU
		{C40D2F25-C6DB-43B9-BA34-2BC73138114F}.Release|Any CPU.Build.0 = Release|Any CPU
	EndGlobalSection
	GlobalSection(SolutionProperties) = preSolution
		HideSolutionNode = FALSE
	EndGlobalSection
	GlobalSection(ExtensibilityGlobals) = postSolution
		SolutionGuid = {EE898D21-9A79-45C8-A6B2-192035B90684}
	EndGlobalSection
EndGlobal
