
Microsoft Visual Studio Solution File, Format Version 12.00
# Visual Studio Version 17
VisualStudioVersion = 17.10.34928.147
MinimumVisualStudioVersion = 10.0.40219.1
Project("{FAE04EC0-301F-11D3-BF4B-00C04F79EFBC}") = "ProductAPI", "ProductAPI\ProductAPI.csproj", "{D77AB9DD-6B66-4ED2-8B4F-F84BFCD42444}"
EndProject
Global
	GlobalSection(SolutionConfigurationPlatforms) = preSolution
		Debug|Any CPU = Debug|Any CPU
		Release|Any CPU = Release|Any CPU
	EndGlobalSection
	GlobalSection(ProjectConfigurationPlatforms) = postSolution
		{D77AB9DD-6B66-4ED2-8B4F-F84BFCD42444}.Debug|Any CPU.ActiveCfg = Debug|Any CPU
		{D77AB9DD-6B66-4ED2-8B4F-F84BFCD42444}.Debug|Any CPU.Build.0 = Debug|Any CPU
		{D77AB9DD-6B66-4ED2-8B4F-F84BFCD42444}.Release|Any CPU.ActiveCfg = Release|Any CPU
		{D77AB9DD-6B66-4ED2-8B4F-F84BFCD42444}.Release|Any CPU.Build.0 = Release|Any CPU
	EndGlobalSection
	GlobalSection(SolutionProperties) = preSolution
		HideSolutionNode = FALSE
	EndGlobalSection
	GlobalSection(ExtensibilityGlobals) = postSolution
		SolutionGuid = {894F9840-18EC-446C-97A2-0224B5B4AC02}
	EndGlobalSection
EndGlobal
